{
    "_readme": [
        "This file locks the dependencies of your project to a known state",
        "Read more about it at https://getcomposer.org/doc/01-basic-usage.md#installing-dependencies",
        "This file is @generated automatically"
    ],
    "content-hash": "d59282c30501cb93bd0999b4fe3f6ad4",
    "packages": [
        {
            "name": "phlak/semver",
            "version": "6.1.0",
            "source": {
                "type": "git",
                "url": "https://github.com/PHLAK/SemVer.git",
                "reference": "59dc259f7b734bcdf17c2072c35131e0b0e250d3"
            },
            "dist": {
                "type": "zip",
                "url": "https://api.github.com/repos/PHLAK/SemVer/zipball/59dc259f7b734bcdf17c2072c35131e0b0e250d3",
                "reference": "59dc259f7b734bcdf17c2072c35131e0b0e250d3",
                "shasum": ""
            },
            "require": {
                "php": "^8.1 || ^8.2 || ^8.3 || ^8.4"
            },
            "require-dev": {
                "phlak/coding-standards": "^4.0",
                "phpstan/phpstan": "^2.0",
                "yoast/phpunit-polyfills": "^3.0"
            },
            "type": "library",
            "autoload": {
                "files": [
                    "src/Support/helpers.php"
                ],
                "psr-4": {
                    "PHLAK\\SemVer\\": "src/"
                }
            },
            "notification-url": "https://packagist.org/downloads/",
            "license": [
                "MIT"
            ],
            "authors": [
                {
                    "name": "Chris Kankiewicz",
                    "email": "Chris@ChrisKankiewicz.com"
                }
            ],
            "description": "Semantic versioning helper library",
            "support": {
                "issues": "https://github.com/PHLAK/SemVer/issues",
                "source": "https://github.com/PHLAK/SemVer/tree/6.1.0"
            },
            "funding": [
                {
                    "url": "https://github.com/sponsors/PHLAK",
                    "type": "github"
                },
                {
                    "url": "https://paypal.me/ChrisKankiewicz",
                    "type": "paypal"
                }
            ],
            "time": "2024-12-11T16:29:12+00:00"
        }
    ],
    "packages-dev": [],
    "aliases": [],
    "minimum-stability": "stable",
    "stability-flags": {},
    "prefer-stable": false,
    "prefer-lowest": false,
    "platform": {},
    "platform-dev": {},
    "plugin-api-version": "2.6.0"
}
